
Microsoft Visual Studio Solution File, Format Version 12.00
# Visual Studio 15
VisualStudioVersion = 15.0.27703.2035
MinimumVisualStudioVersion = 10.0.40219.1
Project("{FAE04EC0-301F-11D3-BF4B-00C04F79EFBC}") = "BopDoctors", "BopDoctors\BopDoctors.csproj", "{B29B1585-04A4-4D91-84E7-5EA081C9D295}"
EndProject
Global
	GlobalSection(SolutionConfigurationPlatforms) = preSolution
		Debug|Any CPU = Debug|Any CPU
		Release|Any CPU = Release|Any CPU
	EndGlobalSection
	GlobalSection(ProjectConfigurationPlatforms) = postSolution
		{B29B1585-04A4-4D91-84E7-5EA081C9D295}.Debug|Any CPU.ActiveCfg = Debug|Any CPU
		{B29B1585-04A4-4D91-84E7-5EA081C9D295}.Debug|Any CPU.Build.0 = Debug|Any CPU
		{B29B1585-04A4-4D91-84E7-5EA081C9D295}.Release|Any CPU.ActiveCfg = Release|Any CPU
		{B29B1585-04A4-4D91-84E7-5EA081C9D295}.Release|Any CPU.Build.0 = Release|Any CPU
	EndGlobalSection
	GlobalSection(SolutionProperties) = preSolution
		HideSolutionNode = FALSE
	EndGlobalSection
	GlobalSection(ExtensibilityGlobals) = postSolution
		SolutionGuid = {23E9C534-86F9-40AE-BB72-F0225C6D57FE}
	EndGlobalSection
EndGlobal
